
Microsoft Visual Studio Solution File, Format Version 12.00
# Visual Studio 15
VisualStudioVersion = 15.0.27130.2036
MinimumVisualStudioVersion = 10.0.40219.1
Project("{FAE04EC0-301F-11D3-BF4B-00C04F79EFBC}") = "Telimena.Tests", "Telimena.Tests\Telimena.Tests.csproj", "{13DF9DD2-D891-413B-A8AE-CEE3FA1B06EB}"
EndProject
Project("{FAE04EC0-301F-11D3-BF4B-00C04F79EFBC}") = "Telimena.Client", "Telimena.Client\Telimena.Client.csproj", "{8BC1DD73-2520-4361-9845-282E87442339}"
EndProject
Project("{FAE04EC0-301F-11D3-BF4B-00C04F79EFBC}") = "Telimena.Updater", "Telimena.Updater\Telimena.Updater.csproj", "{6DEE078F-92BD-4F45-A876-BC4446217D83}"
EndProject
Project("{FAE04EC0-301F-11D3-BF4B-00C04F79EFBC}") = "Telimena.WebApp", "Telimena.WebApp\Telimena.WebApp.csproj", "{EB646426-47C4-464A-ABB0-415CA73B432F}"
EndProject
Project("{FAE04EC0-301F-11D3-BF4B-00C04F79EFBC}") = "Telimena.WebApp.Core", "Telimena.WebApp.Core\Telimena.WebApp.Core.csproj", "{FFD85253-874C-41CB-9242-9267BFA3647B}"
EndProject
Project("{FAE04EC0-301F-11D3-BF4B-00C04F79EFBC}") = "Telimena.WebApp.Infrastructure", "Telimena.WebApp.Infrastructure\Telimena.WebApp.Infrastructure.csproj", "{01707963-655B-4BDE-B32F-848DE2391383}"
EndProject
Project("{2150E333-8FDC-42A3-9474-1A3956D46DE8}") = "1. Web", "1. Web", "{49A0912D-B751-48F2-8477-AF7FE1CF9EB6}"
EndProject
Project("{2150E333-8FDC-42A3-9474-1A3956D46DE8}") = "2. Desktop", "2. Desktop", "{5F78CFF4-E566-4E1F-BEA3-951C06C2093D}"
EndProject
Project("{FAE04EC0-301F-11D3-BF4B-00C04F79EFBC}") = "TelimenaTestSandboxApp", "TelimenaTestSandboxApp\TelimenaTestSandboxApp.csproj", "{ACC4AFB3-4417-4736-BE49-37AEEF3EF458}"
EndProject
Project("{2150E333-8FDC-42A3-9474-1A3956D46DE8}") = "3. Tests", "3. Tests", "{2387CFF9-603F-4C8E-A14D-64FF9603CE70}"
EndProject
Project("{FAE04EC0-301F-11D3-BF4B-00C04F79EFBC}") = "Telimena.Client.Tests", "Telimena.Client.Tests\Telimena.Client.Tests.csproj", "{69EA245A-0DBB-4697-9E0B-C89D8ECBFEFA}"
EndProject
Project("{FAE04EC0-301F-11D3-BF4B-00C04F79EFBC}") = "Telimena.Updater.Tests", "Telimena.Updater.Tests\Telimena.Updater.Tests.csproj", "{28B94E69-56EC-49B1-887E-AB96B77D30BE}"
EndProject
Project("{2150E333-8FDC-42A3-9474-1A3956D46DE8}") = "Solution Items", "Solution Items", "{1D3F925B-F796-46A2-85D9-FE914E1DD01F}"
	ProjectSection(SolutionItems) = preProject
		TelimenaKey.snk = TelimenaKey.snk
	EndProjectSection
EndProject
Project("{FAE04EC0-301F-11D3-BF4B-00C04F79EFBC}") = "Telimena.PackageTriggerUpdater", "Telimena.PackageTriggerUpdater\Telimena.PackageTriggerUpdater.csproj", "{06FED956-F08F-497F-8CBD-87AFAA312AD7}"
EndProject
Project("{FAE04EC0-301F-11D3-BF4B-00C04F79EFBC}") = "Telimena.WebApp.UITests", "Telimena.WebApp.UITests\Telimena.WebApp.UITests.csproj", "{DEEC1BEE-E8AA-47F0-97C6-2FA5F4D9E7D3}"
EndProject
Project("{FAE04EC0-301F-11D3-BF4B-00C04F79EFBC}") = "AutomaticTestsClient", "AutomaticTestsClient\AutomaticTestsClient.csproj", "{8C7395CF-1C86-4C66-BF55-B254AB1EA6F3}"
EndProject
Project("{FAE04EC0-301F-11D3-BF4B-00C04F79EFBC}") = "PackageTriggerUpdaterTestApp", "PackageTriggerUpdaterTestApp\PackageTriggerUpdaterTestApp.csproj", "{090CD12D-79FD-421D-B26F-05CB1A496458}"
EndProject
Project("{2150E333-8FDC-42A3-9474-1A3956D46DE8}") = "TestApps", "TestApps", "{1C9284FC-2E59-4F5C-8151-407B200B09BB}"
EndProject
Project("{2150E333-8FDC-42A3-9474-1A3956D46DE8}") = "AppInsights", "AppInsights", "{AD5530A5-166F-4E22-B645-6536FA5015C2}"
EndProject
Project("{2150E333-8FDC-42A3-9474-1A3956D46DE8}") = "AppInsights", "AppInsights", "{9A7AD745-4569-4853-B277-D50B692C93B0}"
EndProject
Project("{9A19103F-16F7-4668-BE54-9A1E7A4F7556}") = "Telimena.Microsoft.ApplicationInsights", "..\ApplicationInsights\src\Microsoft.ApplicationInsights\Telimena.Microsoft.ApplicationInsights.csproj", "{2D753566-8ECA-4A34-8DC9-DE0C2A55ED88}"
EndProject
Project("{9A19103F-16F7-4668-BE54-9A1E7A4F7556}") = "TelemetryChannel", "..\ApplicationInsights\src\ServerTelemetryChannel\TelemetryChannel.csproj", "{81089D91-50BF-42C0-BF28-C4B8EF24C2B9}"
EndProject
Project("{D954291E-2A0B-460D-934E-DC6B0785DB48}") = "TestFramework.Shared", "..\ApplicationInsights\Test\TestFramework\Shared\TestFramework.Shared.shproj", "{F76C6CBD-29B0-4564-BDCB-C969F8FEC136}"
EndProject
Project("{2150E333-8FDC-42A3-9474-1A3956D46DE8}") = "Desktop", "Desktop", "{071BA554-9558-4E62-AFC3-14BC413EC483}"
EndProject
Project("{2150E333-8FDC-42A3-9474-1A3956D46DE8}") = "Channel", "Channel", "{34EBDA29-43C7-402F-BC63-A793EEF02819}"
EndProject
Project("{D954291E-2A0B-460D-934E-DC6B0785DB48}") = "net45.Shared.Tests", "..\ApplicationInsights\Test\ServerTelemetryChannel.Test\net45.Shared.Tests\net45.Shared.Tests.shproj", "{C5A3F18D-1426-4941-9D81-D21062A2B8F2}"
EndProject
Project("{9A19103F-16F7-4668-BE54-9A1E7A4F7556}") = "TelemetryChannel.Net45.Tests", "..\ApplicationInsights\Test\ServerTelemetryChannel.Test\Net45.Tests\TelemetryChannel.Net45.Tests.csproj", "{DD9659BE-7C0F-4298-82B2-5E957F95977A}"
EndProject
Project("{9A19103F-16F7-4668-BE54-9A1E7A4F7556}") = "TelemetryChannel.netcoreapp11.Tests", "..\ApplicationInsights\Test\ServerTelemetryChannel.Test\NetCore.Tests\TelemetryChannel.netcoreapp11.Tests.csproj", "{FB35D015-EEF7-48FF-BA5E-D246B612E368}"
EndProject
Project("{9A19103F-16F7-4668-BE54-9A1E7A4F7556}") = "TelemetryChannel.netcoreapp20.Tests", "..\ApplicationInsights\Test\ServerTelemetryChannel.Test\NetCore20.Tests\TelemetryChannel.netcoreapp20.Tests.csproj", "{14FA551E-886A-4D1B-B716-567EB4954C8E}"
EndProject
Project("{D954291E-2A0B-460D-934E-DC6B0785DB48}") = "Shared.Tests", "..\ApplicationInsights\Test\ServerTelemetryChannel.Test\Shared.Tests\Shared.Tests.shproj", "{C5A3F18F-1426-4941-9D81-D21062A2B8F2}"
EndProject
Project("{9A19103F-16F7-4668-BE54-9A1E7A4F7556}") = "TelemetryChannel.Nuget.Tests", "..\ApplicationInsights\Test\ServerTelemetryChannel.Test\TelemetryChannel.Nuget.Tests\TelemetryChannel.Nuget.Tests.csproj", "{21CB9A8A-F25B-4DEB-92CB-ACB6920EB8BC}"
EndProject
Project("{9A19103F-16F7-4668-BE54-9A1E7A4F7556}") = "ApplicationInsightsTypes", "..\ApplicationInsights\Test\Microsoft.ApplicationInsights.Test\ApplicationInsightsTypes\ApplicationInsightsTypes.csproj", "{4B0BC3B7-C7FC-4333-9E28-5790D9153F07}"
EndProject
Project("{9A19103F-16F7-4668-BE54-9A1E7A4F7556}") = "Microsoft.ApplicationInsights.Net45.Tests", "..\ApplicationInsights\Test\Microsoft.ApplicationInsights.Test\Net45\Microsoft.ApplicationInsights.Net45.Tests.csproj", "{0927E682-4A56-45B6-8125-94FA066B2F57}"
EndProject
Project("{9A19103F-16F7-4668-BE54-9A1E7A4F7556}") = "Microsoft.ApplicationInsights.Net46.Tests", "..\ApplicationInsights\Test\Microsoft.ApplicationInsights.Test\Net46\Microsoft.ApplicationInsights.Net46.Tests.csproj", "{0927E682-4A56-46B6-8125-94FA066B2F57}"
EndProject
Project("{9A19103F-16F7-4668-BE54-9A1E7A4F7556}") = "Microsoft.ApplicationInsights.netcoreapp11.Tests", "..\ApplicationInsights\Test\Microsoft.ApplicationInsights.Test\netcoreapp11\Microsoft.ApplicationInsights.netcoreapp11.Tests.csproj", "{8034D6E3-15BB-49F5-ADBE-01DD2EC3D214}"
EndProject
Project("{D954291E-2A0B-460D-934E-DC6B0785DB48}") = "Microsoft.ApplicationInsights.Shared.Tests", "..\ApplicationInsights\Test\Microsoft.ApplicationInsights.Test\Shared\Microsoft.ApplicationInsights.Shared.Tests.shproj", "{C4A0DB5B-0988-4E04-B9B8-BCF3B0842000}"
EndProject
Project("{9A19103F-16F7-4668-BE54-9A1E7A4F7556}") = "Microsoft.ApplicationInsights.Isolated.Tests", "..\ApplicationInsights\Test\Microsoft.ApplicationInsights.Test\Standalone\Microsoft.ApplicationInsights.Isolated.Tests.csproj", "{2759BC71-7F47-44DA-8579-AE2D8C8C684D}"
EndProject
Project("{FAE04EC0-301F-11D3-BF4B-00C04F79EFBC}") = "Telimena.WebApp.Utils", "Telimena.WebApp.Utils\Telimena.WebApp.Utils.csproj", "{1F08CB36-09F1-4134-A921-E8162F820383}"
EndProject
Project("{9A19103F-16F7-4668-BE54-9A1E7A4F7556}") = "Telimena.Portal.Api.Models", "Telimena.Portal.Api.Models\Telimena.Portal.Api.Models.csproj", "{45F7FC02-25D4-4F2A-93B5-FCCBC7B608A4}"
EndProject
Project("{FAE04EC0-301F-11D3-BF4B-00C04F79EFBC}") = "LessMsi.Core", "LessMsi.Core\LessMsi.Core.csproj", "{1FD916F2-1DF6-42F6-9AD4-83565FBF8E5C}"
EndProject
Project("{2150E333-8FDC-42A3-9474-1A3956D46DE8}") = "External", "External", "{AC00CC48-E7BD-4A14-AF7E-E7A122B69046}"
EndProject
Global
	GlobalSection(SharedMSBuildProjectFiles) = preSolution
		..\ApplicationInsights\Test\Microsoft.ApplicationInsights.Test\Shared\Microsoft.ApplicationInsights.Shared.Tests.projitems*{c4a0db5b-0988-4e04-b9b8-bcf3b0842000}*SharedItemsImports = 13
		..\ApplicationInsights\Test\ServerTelemetryChannel.Test\net45.Shared.Tests\net45.Shared.Tests.projitems*{c5a3f18d-1426-4941-9d81-d21062a2b8f2}*SharedItemsImports = 13
		..\ApplicationInsights\Test\ServerTelemetryChannel.Test\Shared.Tests\Shared.Tests.projitems*{c5a3f18f-1426-4941-9d81-d21062a2b8f2}*SharedItemsImports = 13
		..\ApplicationInsights\Test\TestFramework\Shared\TestFramework.Shared.projitems*{f76c6cbd-29b0-4564-bdcb-c969f8fec136}*SharedItemsImports = 13
	EndGlobalSection
	GlobalSection(SolutionConfigurationPlatforms) = preSolution
		Debug|Any CPU = Debug|Any CPU
		Debug|x86 = Debug|x86
		Release|Any CPU = Release|Any CPU
		Release|x86 = Release|x86
		ReleaseDev|Any CPU = ReleaseDev|Any CPU
		ReleaseDev|x86 = ReleaseDev|x86
	EndGlobalSection
	GlobalSection(ProjectConfigurationPlatforms) = postSolution
		{13DF9DD2-D891-413B-A8AE-CEE3FA1B06EB}.Debug|Any CPU.ActiveCfg = Debug|Any CPU
		{13DF9DD2-D891-413B-A8AE-CEE3FA1B06EB}.Debug|Any CPU.Build.0 = Debug|Any CPU
		{13DF9DD2-D891-413B-A8AE-CEE3FA1B06EB}.Debug|x86.ActiveCfg = Debug|Any CPU
		{13DF9DD2-D891-413B-A8AE-CEE3FA1B06EB}.Debug|x86.Build.0 = Debug|Any CPU
		{13DF9DD2-D891-413B-A8AE-CEE3FA1B06EB}.Release|Any CPU.ActiveCfg = Release|Any CPU
		{13DF9DD2-D891-413B-A8AE-CEE3FA1B06EB}.Release|Any CPU.Build.0 = Release|Any CPU
		{13DF9DD2-D891-413B-A8AE-CEE3FA1B06EB}.Release|x86.ActiveCfg = Release|Any CPU
		{13DF9DD2-D891-413B-A8AE-CEE3FA1B06EB}.Release|x86.Build.0 = Release|Any CPU
		{13DF9DD2-D891-413B-A8AE-CEE3FA1B06EB}.ReleaseDev|Any CPU.ActiveCfg = ReleaseDev|Any CPU
		{13DF9DD2-D891-413B-A8AE-CEE3FA1B06EB}.ReleaseDev|Any CPU.Build.0 = ReleaseDev|Any CPU
		{13DF9DD2-D891-413B-A8AE-CEE3FA1B06EB}.ReleaseDev|x86.ActiveCfg = ReleaseDev|Any CPU
		{13DF9DD2-D891-413B-A8AE-CEE3FA1B06EB}.ReleaseDev|x86.Build.0 = ReleaseDev|Any CPU
		{8BC1DD73-2520-4361-9845-282E87442339}.Debug|Any CPU.ActiveCfg = Debug|Any CPU
		{8BC1DD73-2520-4361-9845-282E87442339}.Debug|Any CPU.Build.0 = Debug|Any CPU
		{8BC1DD73-2520-4361-9845-282E87442339}.Debug|x86.ActiveCfg = Debug|Any CPU
		{8BC1DD73-2520-4361-9845-282E87442339}.Debug|x86.Build.0 = Debug|Any CPU
		{8BC1DD73-2520-4361-9845-282E87442339}.Release|Any CPU.ActiveCfg = Release|Any CPU
		{8BC1DD73-2520-4361-9845-282E87442339}.Release|Any CPU.Build.0 = Release|Any CPU
		{8BC1DD73-2520-4361-9845-282E87442339}.Release|x86.ActiveCfg = Release|Any CPU
		{8BC1DD73-2520-4361-9845-282E87442339}.Release|x86.Build.0 = Release|Any CPU
		{8BC1DD73-2520-4361-9845-282E87442339}.ReleaseDev|Any CPU.ActiveCfg = ReleaseDev|Any CPU
		{8BC1DD73-2520-4361-9845-282E87442339}.ReleaseDev|Any CPU.Build.0 = ReleaseDev|Any CPU
		{8BC1DD73-2520-4361-9845-282E87442339}.ReleaseDev|x86.ActiveCfg = ReleaseDev|Any CPU
		{8BC1DD73-2520-4361-9845-282E87442339}.ReleaseDev|x86.Build.0 = ReleaseDev|Any CPU
		{6DEE078F-92BD-4F45-A876-BC4446217D83}.Debug|Any CPU.ActiveCfg = Debug|Any CPU
		{6DEE078F-92BD-4F45-A876-BC4446217D83}.Debug|Any CPU.Build.0 = Debug|Any CPU
		{6DEE078F-92BD-4F45-A876-BC4446217D83}.Debug|x86.ActiveCfg = Debug|Any CPU
		{6DEE078F-92BD-4F45-A876-BC4446217D83}.Debug|x86.Build.0 = Debug|Any CPU
		{6DEE078F-92BD-4F45-A876-BC4446217D83}.Release|Any CPU.ActiveCfg = Release|Any CPU
		{6DEE078F-92BD-4F45-A876-BC4446217D83}.Release|Any CPU.Build.0 = Release|Any CPU
		{6DEE078F-92BD-4F45-A876-BC4446217D83}.Release|x86.ActiveCfg = Release|Any CPU
		{6DEE078F-92BD-4F45-A876-BC4446217D83}.Release|x86.Build.0 = Release|Any CPU
		{6DEE078F-92BD-4F45-A876-BC4446217D83}.ReleaseDev|Any CPU.ActiveCfg = ReleaseDev|Any CPU
		{6DEE078F-92BD-4F45-A876-BC4446217D83}.ReleaseDev|Any CPU.Build.0 = ReleaseDev|Any CPU
		{6DEE078F-92BD-4F45-A876-BC4446217D83}.ReleaseDev|x86.ActiveCfg = ReleaseDev|Any CPU
		{6DEE078F-92BD-4F45-A876-BC4446217D83}.ReleaseDev|x86.Build.0 = ReleaseDev|Any CPU
		{EB646426-47C4-464A-ABB0-415CA73B432F}.Debug|Any CPU.ActiveCfg = Debug|Any CPU
		{EB646426-47C4-464A-ABB0-415CA73B432F}.Debug|Any CPU.Build.0 = Debug|Any CPU
		{EB646426-47C4-464A-ABB0-415CA73B432F}.Debug|x86.ActiveCfg = Debug|Any CPU
		{EB646426-47C4-464A-ABB0-415CA73B432F}.Debug|x86.Build.0 = Debug|Any CPU
		{EB646426-47C4-464A-ABB0-415CA73B432F}.Release|Any CPU.ActiveCfg = Release|Any CPU
		{EB646426-47C4-464A-ABB0-415CA73B432F}.Release|Any CPU.Build.0 = Release|Any CPU
		{EB646426-47C4-464A-ABB0-415CA73B432F}.Release|x86.ActiveCfg = Release|Any CPU
		{EB646426-47C4-464A-ABB0-415CA73B432F}.Release|x86.Build.0 = Release|Any CPU
		{EB646426-47C4-464A-ABB0-415CA73B432F}.ReleaseDev|Any CPU.ActiveCfg = ReleaseDev|Any CPU
		{EB646426-47C4-464A-ABB0-415CA73B432F}.ReleaseDev|Any CPU.Build.0 = ReleaseDev|Any CPU
		{EB646426-47C4-464A-ABB0-415CA73B432F}.ReleaseDev|x86.ActiveCfg = ReleaseDev|Any CPU
		{EB646426-47C4-464A-ABB0-415CA73B432F}.ReleaseDev|x86.Build.0 = ReleaseDev|Any CPU
		{FFD85253-874C-41CB-9242-9267BFA3647B}.Debug|Any CPU.ActiveCfg = Debug|Any CPU
		{FFD85253-874C-41CB-9242-9267BFA3647B}.Debug|Any CPU.Build.0 = Debug|Any CPU
		{FFD85253-874C-41CB-9242-9267BFA3647B}.Debug|x86.ActiveCfg = Debug|Any CPU
		{FFD85253-874C-41CB-9242-9267BFA3647B}.Debug|x86.Build.0 = Debug|Any CPU
		{FFD85253-874C-41CB-9242-9267BFA3647B}.Release|Any CPU.ActiveCfg = Release|Any CPU
		{FFD85253-874C-41CB-9242-9267BFA3647B}.Release|Any CPU.Build.0 = Release|Any CPU
		{FFD85253-874C-41CB-9242-9267BFA3647B}.Release|x86.ActiveCfg = Release|Any CPU
		{FFD85253-874C-41CB-9242-9267BFA3647B}.Release|x86.Build.0 = Release|Any CPU
		{FFD85253-874C-41CB-9242-9267BFA3647B}.ReleaseDev|Any CPU.ActiveCfg = ReleaseDev|Any CPU
		{FFD85253-874C-41CB-9242-9267BFA3647B}.ReleaseDev|Any CPU.Build.0 = ReleaseDev|Any CPU
		{FFD85253-874C-41CB-9242-9267BFA3647B}.ReleaseDev|x86.ActiveCfg = ReleaseDev|Any CPU
		{FFD85253-874C-41CB-9242-9267BFA3647B}.ReleaseDev|x86.Build.0 = ReleaseDev|Any CPU
		{01707963-655B-4BDE-B32F-848DE2391383}.Debug|Any CPU.ActiveCfg = Debug|Any CPU
		{01707963-655B-4BDE-B32F-848DE2391383}.Debug|Any CPU.Build.0 = Debug|Any CPU
		{01707963-655B-4BDE-B32F-848DE2391383}.Debug|x86.ActiveCfg = Debug|Any CPU
		{01707963-655B-4BDE-B32F-848DE2391383}.Debug|x86.Build.0 = Debug|Any CPU
		{01707963-655B-4BDE-B32F-848DE2391383}.Release|Any CPU.ActiveCfg = Release|Any CPU
		{01707963-655B-4BDE-B32F-848DE2391383}.Release|Any CPU.Build.0 = Release|Any CPU
		{01707963-655B-4BDE-B32F-848DE2391383}.Release|x86.ActiveCfg = Release|Any CPU
		{01707963-655B-4BDE-B32F-848DE2391383}.Release|x86.Build.0 = Release|Any CPU
		{01707963-655B-4BDE-B32F-848DE2391383}.ReleaseDev|Any CPU.ActiveCfg = ReleaseDev|Any CPU
		{01707963-655B-4BDE-B32F-848DE2391383}.ReleaseDev|Any CPU.Build.0 = ReleaseDev|Any CPU
		{01707963-655B-4BDE-B32F-848DE2391383}.ReleaseDev|x86.ActiveCfg = ReleaseDev|Any CPU
		{01707963-655B-4BDE-B32F-848DE2391383}.ReleaseDev|x86.Build.0 = ReleaseDev|Any CPU
		{ACC4AFB3-4417-4736-BE49-37AEEF3EF458}.Debug|Any CPU.ActiveCfg = Debug|Any CPU
		{ACC4AFB3-4417-4736-BE49-37AEEF3EF458}.Debug|Any CPU.Build.0 = Debug|Any CPU
		{ACC4AFB3-4417-4736-BE49-37AEEF3EF458}.Debug|x86.ActiveCfg = Debug|Any CPU
		{ACC4AFB3-4417-4736-BE49-37AEEF3EF458}.Debug|x86.Build.0 = Debug|Any CPU
		{ACC4AFB3-4417-4736-BE49-37AEEF3EF458}.Release|Any CPU.ActiveCfg = Release|Any CPU
		{ACC4AFB3-4417-4736-BE49-37AEEF3EF458}.Release|Any CPU.Build.0 = Release|Any CPU
		{ACC4AFB3-4417-4736-BE49-37AEEF3EF458}.Release|x86.ActiveCfg = Release|Any CPU
		{ACC4AFB3-4417-4736-BE49-37AEEF3EF458}.Release|x86.Build.0 = Release|Any CPU
		{ACC4AFB3-4417-4736-BE49-37AEEF3EF458}.ReleaseDev|Any CPU.ActiveCfg = ReleaseDev|Any CPU
		{ACC4AFB3-4417-4736-BE49-37AEEF3EF458}.ReleaseDev|Any CPU.Build.0 = ReleaseDev|Any CPU
		{ACC4AFB3-4417-4736-BE49-37AEEF3EF458}.ReleaseDev|x86.ActiveCfg = ReleaseDev|Any CPU
		{ACC4AFB3-4417-4736-BE49-37AEEF3EF458}.ReleaseDev|x86.Build.0 = ReleaseDev|Any CPU
		{69EA245A-0DBB-4697-9E0B-C89D8ECBFEFA}.Debug|Any CPU.ActiveCfg = Debug|Any CPU
		{69EA245A-0DBB-4697-9E0B-C89D8ECBFEFA}.Debug|Any CPU.Build.0 = Debug|Any CPU
		{69EA245A-0DBB-4697-9E0B-C89D8ECBFEFA}.Debug|x86.ActiveCfg = Debug|Any CPU
		{69EA245A-0DBB-4697-9E0B-C89D8ECBFEFA}.Debug|x86.Build.0 = Debug|Any CPU
		{69EA245A-0DBB-4697-9E0B-C89D8ECBFEFA}.Release|Any CPU.ActiveCfg = Release|Any CPU
		{69EA245A-0DBB-4697-9E0B-C89D8ECBFEFA}.Release|Any CPU.Build.0 = Release|Any CPU
		{69EA245A-0DBB-4697-9E0B-C89D8ECBFEFA}.Release|x86.ActiveCfg = Release|Any CPU
		{69EA245A-0DBB-4697-9E0B-C89D8ECBFEFA}.Release|x86.Build.0 = Release|Any CPU
		{69EA245A-0DBB-4697-9E0B-C89D8ECBFEFA}.ReleaseDev|Any CPU.ActiveCfg = ReleaseDev|Any CPU
		{69EA245A-0DBB-4697-9E0B-C89D8ECBFEFA}.ReleaseDev|Any CPU.Build.0 = ReleaseDev|Any CPU
		{69EA245A-0DBB-4697-9E0B-C89D8ECBFEFA}.ReleaseDev|x86.ActiveCfg = ReleaseDev|Any CPU
		{69EA245A-0DBB-4697-9E0B-C89D8ECBFEFA}.ReleaseDev|x86.Build.0 = ReleaseDev|Any CPU
		{28B94E69-56EC-49B1-887E-AB96B77D30BE}.Debug|Any CPU.ActiveCfg = Debug|Any CPU
		{28B94E69-56EC-49B1-887E-AB96B77D30BE}.Debug|Any CPU.Build.0 = Debug|Any CPU
		{28B94E69-56EC-49B1-887E-AB96B77D30BE}.Debug|x86.ActiveCfg = Debug|Any CPU
		{28B94E69-56EC-49B1-887E-AB96B77D30BE}.Debug|x86.Build.0 = Debug|Any CPU
		{28B94E69-56EC-49B1-887E-AB96B77D30BE}.Release|Any CPU.ActiveCfg = Release|Any CPU
		{28B94E69-56EC-49B1-887E-AB96B77D30BE}.Release|Any CPU.Build.0 = Release|Any CPU
		{28B94E69-56EC-49B1-887E-AB96B77D30BE}.Release|x86.ActiveCfg = Release|Any CPU
		{28B94E69-56EC-49B1-887E-AB96B77D30BE}.Release|x86.Build.0 = Release|Any CPU
		{28B94E69-56EC-49B1-887E-AB96B77D30BE}.ReleaseDev|Any CPU.ActiveCfg = ReleaseDev|Any CPU
		{28B94E69-56EC-49B1-887E-AB96B77D30BE}.ReleaseDev|Any CPU.Build.0 = ReleaseDev|Any CPU
		{28B94E69-56EC-49B1-887E-AB96B77D30BE}.ReleaseDev|x86.ActiveCfg = ReleaseDev|Any CPU
		{28B94E69-56EC-49B1-887E-AB96B77D30BE}.ReleaseDev|x86.Build.0 = ReleaseDev|Any CPU
		{06FED956-F08F-497F-8CBD-87AFAA312AD7}.Debug|Any CPU.ActiveCfg = Debug|Any CPU
		{06FED956-F08F-497F-8CBD-87AFAA312AD7}.Debug|Any CPU.Build.0 = Debug|Any CPU
		{06FED956-F08F-497F-8CBD-87AFAA312AD7}.Debug|x86.ActiveCfg = Debug|Any CPU
		{06FED956-F08F-497F-8CBD-87AFAA312AD7}.Debug|x86.Build.0 = Debug|Any CPU
		{06FED956-F08F-497F-8CBD-87AFAA312AD7}.Release|Any CPU.ActiveCfg = Release|Any CPU
		{06FED956-F08F-497F-8CBD-87AFAA312AD7}.Release|Any CPU.Build.0 = Release|Any CPU
		{06FED956-F08F-497F-8CBD-87AFAA312AD7}.Release|x86.ActiveCfg = Release|Any CPU
		{06FED956-F08F-497F-8CBD-87AFAA312AD7}.Release|x86.Build.0 = Release|Any CPU
		{06FED956-F08F-497F-8CBD-87AFAA312AD7}.ReleaseDev|Any CPU.ActiveCfg = ReleaseDev|Any CPU
		{06FED956-F08F-497F-8CBD-87AFAA312AD7}.ReleaseDev|Any CPU.Build.0 = ReleaseDev|Any CPU
		{06FED956-F08F-497F-8CBD-87AFAA312AD7}.ReleaseDev|x86.ActiveCfg = ReleaseDev|Any CPU
		{06FED956-F08F-497F-8CBD-87AFAA312AD7}.ReleaseDev|x86.Build.0 = ReleaseDev|Any CPU
		{DEEC1BEE-E8AA-47F0-97C6-2FA5F4D9E7D3}.Debug|Any CPU.ActiveCfg = Debug|Any CPU
		{DEEC1BEE-E8AA-47F0-97C6-2FA5F4D9E7D3}.Debug|Any CPU.Build.0 = Debug|Any CPU
		{DEEC1BEE-E8AA-47F0-97C6-2FA5F4D9E7D3}.Debug|x86.ActiveCfg = Debug|Any CPU
		{DEEC1BEE-E8AA-47F0-97C6-2FA5F4D9E7D3}.Debug|x86.Build.0 = Debug|Any CPU
		{DEEC1BEE-E8AA-47F0-97C6-2FA5F4D9E7D3}.Release|Any CPU.ActiveCfg = Release|Any CPU
		{DEEC1BEE-E8AA-47F0-97C6-2FA5F4D9E7D3}.Release|Any CPU.Build.0 = Release|Any CPU
		{DEEC1BEE-E8AA-47F0-97C6-2FA5F4D9E7D3}.Release|x86.ActiveCfg = Release|Any CPU
		{DEEC1BEE-E8AA-47F0-97C6-2FA5F4D9E7D3}.Release|x86.Build.0 = Release|Any CPU
		{DEEC1BEE-E8AA-47F0-97C6-2FA5F4D9E7D3}.ReleaseDev|Any CPU.ActiveCfg = ReleaseDev|Any CPU
		{DEEC1BEE-E8AA-47F0-97C6-2FA5F4D9E7D3}.ReleaseDev|Any CPU.Build.0 = ReleaseDev|Any CPU
		{DEEC1BEE-E8AA-47F0-97C6-2FA5F4D9E7D3}.ReleaseDev|x86.ActiveCfg = ReleaseDev|Any CPU
		{DEEC1BEE-E8AA-47F0-97C6-2FA5F4D9E7D3}.ReleaseDev|x86.Build.0 = ReleaseDev|Any CPU
		{8C7395CF-1C86-4C66-BF55-B254AB1EA6F3}.Debug|Any CPU.ActiveCfg = Debug|Any CPU
		{8C7395CF-1C86-4C66-BF55-B254AB1EA6F3}.Debug|Any CPU.Build.0 = Debug|Any CPU
		{8C7395CF-1C86-4C66-BF55-B254AB1EA6F3}.Debug|x86.ActiveCfg = Debug|Any CPU
		{8C7395CF-1C86-4C66-BF55-B254AB1EA6F3}.Debug|x86.Build.0 = Debug|Any CPU
		{8C7395CF-1C86-4C66-BF55-B254AB1EA6F3}.Release|Any CPU.ActiveCfg = Release|Any CPU
		{8C7395CF-1C86-4C66-BF55-B254AB1EA6F3}.Release|Any CPU.Build.0 = Release|Any CPU
		{8C7395CF-1C86-4C66-BF55-B254AB1EA6F3}.Release|x86.ActiveCfg = Release|Any CPU
		{8C7395CF-1C86-4C66-BF55-B254AB1EA6F3}.Release|x86.Build.0 = Release|Any CPU
		{8C7395CF-1C86-4C66-BF55-B254AB1EA6F3}.ReleaseDev|Any CPU.ActiveCfg = Release|Any CPU
		{8C7395CF-1C86-4C66-BF55-B254AB1EA6F3}.ReleaseDev|Any CPU.Build.0 = Release|Any CPU
		{8C7395CF-1C86-4C66-BF55-B254AB1EA6F3}.ReleaseDev|x86.ActiveCfg = Release|Any CPU
		{8C7395CF-1C86-4C66-BF55-B254AB1EA6F3}.ReleaseDev|x86.Build.0 = Release|Any CPU
		{090CD12D-79FD-421D-B26F-05CB1A496458}.Debug|Any CPU.ActiveCfg = Debug|Any CPU
		{090CD12D-79FD-421D-B26F-05CB1A496458}.Debug|Any CPU.Build.0 = Debug|Any CPU
		{090CD12D-79FD-421D-B26F-05CB1A496458}.Debug|x86.ActiveCfg = Debug|Any CPU
		{090CD12D-79FD-421D-B26F-05CB1A496458}.Debug|x86.Build.0 = Debug|Any CPU
		{090CD12D-79FD-421D-B26F-05CB1A496458}.Release|Any CPU.ActiveCfg = Release|Any CPU
		{090CD12D-79FD-421D-B26F-05CB1A496458}.Release|Any CPU.Build.0 = Release|Any CPU
		{090CD12D-79FD-421D-B26F-05CB1A496458}.Release|x86.ActiveCfg = Release|Any CPU
		{090CD12D-79FD-421D-B26F-05CB1A496458}.Release|x86.Build.0 = Release|Any CPU
		{090CD12D-79FD-421D-B26F-05CB1A496458}.ReleaseDev|Any CPU.ActiveCfg = Release|Any CPU
		{090CD12D-79FD-421D-B26F-05CB1A496458}.ReleaseDev|Any CPU.Build.0 = Release|Any CPU
		{090CD12D-79FD-421D-B26F-05CB1A496458}.ReleaseDev|x86.ActiveCfg = Release|Any CPU
		{090CD12D-79FD-421D-B26F-05CB1A496458}.ReleaseDev|x86.Build.0 = Release|Any CPU
		{2D753566-8ECA-4A34-8DC9-DE0C2A55ED88}.Debug|Any CPU.ActiveCfg = Debug|Any CPU
		{2D753566-8ECA-4A34-8DC9-DE0C2A55ED88}.Debug|Any CPU.Build.0 = Debug|Any CPU
		{2D753566-8ECA-4A34-8DC9-DE0C2A55ED88}.Debug|x86.ActiveCfg = Debug|Any CPU
		{2D753566-8ECA-4A34-8DC9-DE0C2A55ED88}.Debug|x86.Build.0 = Debug|Any CPU
		{2D753566-8ECA-4A34-8DC9-DE0C2A55ED88}.Release|Any CPU.ActiveCfg = Release|Any CPU
		{2D753566-8ECA-4A34-8DC9-DE0C2A55ED88}.Release|Any CPU.Build.0 = Release|Any CPU
		{2D753566-8ECA-4A34-8DC9-DE0C2A55ED88}.Release|x86.ActiveCfg = Release|Any CPU
		{2D753566-8ECA-4A34-8DC9-DE0C2A55ED88}.Release|x86.Build.0 = Release|Any CPU
		{2D753566-8ECA-4A34-8DC9-DE0C2A55ED88}.ReleaseDev|Any CPU.ActiveCfg = Release|Any CPU
		{2D753566-8ECA-4A34-8DC9-DE0C2A55ED88}.ReleaseDev|Any CPU.Build.0 = Release|Any CPU
		{2D753566-8ECA-4A34-8DC9-DE0C2A55ED88}.ReleaseDev|x86.ActiveCfg = Release|Any CPU
		{2D753566-8ECA-4A34-8DC9-DE0C2A55ED88}.ReleaseDev|x86.Build.0 = Release|Any CPU
		{81089D91-50BF-42C0-BF28-C4B8EF24C2B9}.Debug|Any CPU.ActiveCfg = Debug|Any CPU
		{81089D91-50BF-42C0-BF28-C4B8EF24C2B9}.Debug|Any CPU.Build.0 = Debug|Any CPU
		{81089D91-50BF-42C0-BF28-C4B8EF24C2B9}.Debug|x86.ActiveCfg = Debug|Any CPU
		{81089D91-50BF-42C0-BF28-C4B8EF24C2B9}.Debug|x86.Build.0 = Debug|Any CPU
		{81089D91-50BF-42C0-BF28-C4B8EF24C2B9}.Release|Any CPU.ActiveCfg = Release|Any CPU
		{81089D91-50BF-42C0-BF28-C4B8EF24C2B9}.Release|Any CPU.Build.0 = Release|Any CPU
		{81089D91-50BF-42C0-BF28-C4B8EF24C2B9}.Release|x86.ActiveCfg = Release|Any CPU
		{81089D91-50BF-42C0-BF28-C4B8EF24C2B9}.Release|x86.Build.0 = Release|Any CPU
		{81089D91-50BF-42C0-BF28-C4B8EF24C2B9}.ReleaseDev|Any CPU.ActiveCfg = Release|Any CPU
		{81089D91-50BF-42C0-BF28-C4B8EF24C2B9}.ReleaseDev|Any CPU.Build.0 = Release|Any CPU
		{81089D91-50BF-42C0-BF28-C4B8EF24C2B9}.ReleaseDev|x86.ActiveCfg = Release|Any CPU
		{81089D91-50BF-42C0-BF28-C4B8EF24C2B9}.ReleaseDev|x86.Build.0 = Release|Any CPU
		{DD9659BE-7C0F-4298-82B2-5E957F95977A}.Debug|Any CPU.ActiveCfg = Debug|Any CPU
		{DD9659BE-7C0F-4298-82B2-5E957F95977A}.Debug|Any CPU.Build.0 = Debug|Any CPU
		{DD9659BE-7C0F-4298-82B2-5E957F95977A}.Debug|x86.ActiveCfg = Debug|Any CPU
		{DD9659BE-7C0F-4298-82B2-5E957F95977A}.Release|Any CPU.ActiveCfg = Release|Any CPU
		{DD9659BE-7C0F-4298-82B2-5E957F95977A}.Release|Any CPU.Build.0 = Release|Any CPU
		{DD9659BE-7C0F-4298-82B2-5E957F95977A}.Release|x86.ActiveCfg = Release|Any CPU
		{DD9659BE-7C0F-4298-82B2-5E957F95977A}.ReleaseDev|Any CPU.ActiveCfg = Release|Any CPU
		{DD9659BE-7C0F-4298-82B2-5E957F95977A}.ReleaseDev|Any CPU.Build.0 = Release|Any CPU
		{DD9659BE-7C0F-4298-82B2-5E957F95977A}.ReleaseDev|x86.ActiveCfg = Release|Any CPU
		{FB35D015-EEF7-48FF-BA5E-D246B612E368}.Debug|Any CPU.ActiveCfg = Debug|Any CPU
		{FB35D015-EEF7-48FF-BA5E-D246B612E368}.Debug|Any CPU.Build.0 = Debug|Any CPU
		{FB35D015-EEF7-48FF-BA5E-D246B612E368}.Debug|x86.ActiveCfg = Debug|Any CPU
		{FB35D015-EEF7-48FF-BA5E-D246B612E368}.Release|Any CPU.ActiveCfg = Release|Any CPU
		{FB35D015-EEF7-48FF-BA5E-D246B612E368}.Release|Any CPU.Build.0 = Release|Any CPU
		{FB35D015-EEF7-48FF-BA5E-D246B612E368}.Release|x86.ActiveCfg = Release|Any CPU
		{FB35D015-EEF7-48FF-BA5E-D246B612E368}.ReleaseDev|Any CPU.ActiveCfg = Release|Any CPU
		{FB35D015-EEF7-48FF-BA5E-D246B612E368}.ReleaseDev|Any CPU.Build.0 = Release|Any CPU
		{FB35D015-EEF7-48FF-BA5E-D246B612E368}.ReleaseDev|x86.ActiveCfg = Release|Any CPU
		{14FA551E-886A-4D1B-B716-567EB4954C8E}.Debug|Any CPU.ActiveCfg = Debug|Any CPU
		{14FA551E-886A-4D1B-B716-567EB4954C8E}.Debug|Any CPU.Build.0 = Debug|Any CPU
		{14FA551E-886A-4D1B-B716-567EB4954C8E}.Debug|x86.ActiveCfg = Debug|Any CPU
		{14FA551E-886A-4D1B-B716-567EB4954C8E}.Release|Any CPU.ActiveCfg = Release|Any CPU
		{14FA551E-886A-4D1B-B716-567EB4954C8E}.Release|Any CPU.Build.0 = Release|Any CPU
		{14FA551E-886A-4D1B-B716-567EB4954C8E}.Release|x86.ActiveCfg = Release|Any CPU
		{14FA551E-886A-4D1B-B716-567EB4954C8E}.ReleaseDev|Any CPU.ActiveCfg = Release|Any CPU
		{14FA551E-886A-4D1B-B716-567EB4954C8E}.ReleaseDev|Any CPU.Build.0 = Release|Any CPU
		{14FA551E-886A-4D1B-B716-567EB4954C8E}.ReleaseDev|x86.ActiveCfg = Release|Any CPU
		{21CB9A8A-F25B-4DEB-92CB-ACB6920EB8BC}.Debug|Any CPU.ActiveCfg = Debug|Any CPU
		{21CB9A8A-F25B-4DEB-92CB-ACB6920EB8BC}.Debug|Any CPU.Build.0 = Debug|Any CPU
		{21CB9A8A-F25B-4DEB-92CB-ACB6920EB8BC}.Debug|x86.ActiveCfg = Debug|Any CPU
		{21CB9A8A-F25B-4DEB-92CB-ACB6920EB8BC}.Release|Any CPU.ActiveCfg = Release|Any CPU
		{21CB9A8A-F25B-4DEB-92CB-ACB6920EB8BC}.Release|Any CPU.Build.0 = Release|Any CPU
		{21CB9A8A-F25B-4DEB-92CB-ACB6920EB8BC}.Release|x86.ActiveCfg = Release|Any CPU
		{21CB9A8A-F25B-4DEB-92CB-ACB6920EB8BC}.ReleaseDev|Any CPU.ActiveCfg = Release|Any CPU
		{21CB9A8A-F25B-4DEB-92CB-ACB6920EB8BC}.ReleaseDev|Any CPU.Build.0 = Release|Any CPU
		{21CB9A8A-F25B-4DEB-92CB-ACB6920EB8BC}.ReleaseDev|x86.ActiveCfg = Release|Any CPU
		{4B0BC3B7-C7FC-4333-9E28-5790D9153F07}.Debug|Any CPU.ActiveCfg = Debug|Any CPU
		{4B0BC3B7-C7FC-4333-9E28-5790D9153F07}.Debug|Any CPU.Build.0 = Debug|Any CPU
		{4B0BC3B7-C7FC-4333-9E28-5790D9153F07}.Debug|x86.ActiveCfg = Debug|Any CPU
		{4B0BC3B7-C7FC-4333-9E28-5790D9153F07}.Release|Any CPU.ActiveCfg = Release|Any CPU
		{4B0BC3B7-C7FC-4333-9E28-5790D9153F07}.Release|Any CPU.Build.0 = Release|Any CPU
		{4B0BC3B7-C7FC-4333-9E28-5790D9153F07}.Release|x86.ActiveCfg = Release|Any CPU
		{4B0BC3B7-C7FC-4333-9E28-5790D9153F07}.ReleaseDev|Any CPU.ActiveCfg = Release|Any CPU
		{4B0BC3B7-C7FC-4333-9E28-5790D9153F07}.ReleaseDev|Any CPU.Build.0 = Release|Any CPU
		{4B0BC3B7-C7FC-4333-9E28-5790D9153F07}.ReleaseDev|x86.ActiveCfg = Release|Any CPU
		{0927E682-4A56-45B6-8125-94FA066B2F57}.Debug|Any CPU.ActiveCfg = Debug|Any CPU
		{0927E682-4A56-45B6-8125-94FA066B2F57}.Debug|Any CPU.Build.0 = Debug|Any CPU
		{0927E682-4A56-45B6-8125-94FA066B2F57}.Debug|x86.ActiveCfg = Debug|Any CPU
		{0927E682-4A56-45B6-8125-94FA066B2F57}.Release|Any CPU.ActiveCfg = Release|Any CPU
		{0927E682-4A56-45B6-8125-94FA066B2F57}.Release|Any CPU.Build.0 = Release|Any CPU
		{0927E682-4A56-45B6-8125-94FA066B2F57}.Release|x86.ActiveCfg = Release|Any CPU
		{0927E682-4A56-45B6-8125-94FA066B2F57}.ReleaseDev|Any CPU.ActiveCfg = Release|Any CPU
		{0927E682-4A56-45B6-8125-94FA066B2F57}.ReleaseDev|Any CPU.Build.0 = Release|Any CPU
		{0927E682-4A56-45B6-8125-94FA066B2F57}.ReleaseDev|x86.ActiveCfg = Release|Any CPU
		{0927E682-4A56-46B6-8125-94FA066B2F57}.Debug|Any CPU.ActiveCfg = Debug|Any CPU
		{0927E682-4A56-46B6-8125-94FA066B2F57}.Debug|Any CPU.Build.0 = Debug|Any CPU
		{0927E682-4A56-46B6-8125-94FA066B2F57}.Debug|x86.ActiveCfg = Debug|Any CPU
		{0927E682-4A56-46B6-8125-94FA066B2F57}.Release|Any CPU.ActiveCfg = Release|Any CPU
		{0927E682-4A56-46B6-8125-94FA066B2F57}.Release|Any CPU.Build.0 = Release|Any CPU
		{0927E682-4A56-46B6-8125-94FA066B2F57}.Release|x86.ActiveCfg = Release|Any CPU
		{0927E682-4A56-46B6-8125-94FA066B2F57}.ReleaseDev|Any CPU.ActiveCfg = Release|Any CPU
		{0927E682-4A56-46B6-8125-94FA066B2F57}.ReleaseDev|Any CPU.Build.0 = Release|Any CPU
		{0927E682-4A56-46B6-8125-94FA066B2F57}.ReleaseDev|x86.ActiveCfg = Release|Any CPU
		{8034D6E3-15BB-49F5-ADBE-01DD2EC3D214}.Debug|Any CPU.ActiveCfg = Debug|Any CPU
		{8034D6E3-15BB-49F5-ADBE-01DD2EC3D214}.Debug|Any CPU.Build.0 = Debug|Any CPU
		{8034D6E3-15BB-49F5-ADBE-01DD2EC3D214}.Debug|x86.ActiveCfg = Debug|Any CPU
		{8034D6E3-15BB-49F5-ADBE-01DD2EC3D214}.Release|Any CPU.ActiveCfg = Release|Any CPU
		{8034D6E3-15BB-49F5-ADBE-01DD2EC3D214}.Release|Any CPU.Build.0 = Release|Any CPU
		{8034D6E3-15BB-49F5-ADBE-01DD2EC3D214}.Release|x86.ActiveCfg = Release|Any CPU
		{8034D6E3-15BB-49F5-ADBE-01DD2EC3D214}.ReleaseDev|Any CPU.ActiveCfg = Release|Any CPU
		{8034D6E3-15BB-49F5-ADBE-01DD2EC3D214}.ReleaseDev|Any CPU.Build.0 = Release|Any CPU
		{8034D6E3-15BB-49F5-ADBE-01DD2EC3D214}.ReleaseDev|x86.ActiveCfg = Release|Any CPU
		{2759BC71-7F47-44DA-8579-AE2D8C8C684D}.Debug|Any CPU.ActiveCfg = Debug|Any CPU
		{2759BC71-7F47-44DA-8579-AE2D8C8C684D}.Debug|Any CPU.Build.0 = Debug|Any CPU
		{2759BC71-7F47-44DA-8579-AE2D8C8C684D}.Debug|x86.ActiveCfg = Debug|Any CPU
		{2759BC71-7F47-44DA-8579-AE2D8C8C684D}.Release|Any CPU.ActiveCfg = Release|Any CPU
		{2759BC71-7F47-44DA-8579-AE2D8C8C684D}.Release|Any CPU.Build.0 = Release|Any CPU
		{2759BC71-7F47-44DA-8579-AE2D8C8C684D}.Release|x86.ActiveCfg = Release|Any CPU
		{2759BC71-7F47-44DA-8579-AE2D8C8C684D}.ReleaseDev|Any CPU.ActiveCfg = Release|Any CPU
		{2759BC71-7F47-44DA-8579-AE2D8C8C684D}.ReleaseDev|Any CPU.Build.0 = Release|Any CPU
		{2759BC71-7F47-44DA-8579-AE2D8C8C684D}.ReleaseDev|x86.ActiveCfg = Release|Any CPU
		{1F08CB36-09F1-4134-A921-E8162F820383}.Debug|Any CPU.ActiveCfg = Debug|Any CPU
		{1F08CB36-09F1-4134-A921-E8162F820383}.Debug|Any CPU.Build.0 = Debug|Any CPU
		{1F08CB36-09F1-4134-A921-E8162F820383}.Debug|x86.ActiveCfg = Debug|Any CPU
		{1F08CB36-09F1-4134-A921-E8162F820383}.Debug|x86.Build.0 = Debug|Any CPU
		{1F08CB36-09F1-4134-A921-E8162F820383}.Release|Any CPU.ActiveCfg = Release|Any CPU
		{1F08CB36-09F1-4134-A921-E8162F820383}.Release|Any CPU.Build.0 = Release|Any CPU
		{1F08CB36-09F1-4134-A921-E8162F820383}.Release|x86.ActiveCfg = Release|Any CPU
		{1F08CB36-09F1-4134-A921-E8162F820383}.Release|x86.Build.0 = Release|Any CPU
		{1F08CB36-09F1-4134-A921-E8162F820383}.ReleaseDev|Any CPU.ActiveCfg = Release|Any CPU
		{1F08CB36-09F1-4134-A921-E8162F820383}.ReleaseDev|Any CPU.Build.0 = Release|Any CPU
		{1F08CB36-09F1-4134-A921-E8162F820383}.ReleaseDev|x86.ActiveCfg = Release|Any CPU
		{1F08CB36-09F1-4134-A921-E8162F820383}.ReleaseDev|x86.Build.0 = Release|Any CPU
		{45F7FC02-25D4-4F2A-93B5-FCCBC7B608A4}.Debug|Any CPU.ActiveCfg = Debug|Any CPU
		{45F7FC02-25D4-4F2A-93B5-FCCBC7B608A4}.Debug|Any CPU.Build.0 = Debug|Any CPU
		{45F7FC02-25D4-4F2A-93B5-FCCBC7B608A4}.Debug|x86.ActiveCfg = Debug|Any CPU
		{45F7FC02-25D4-4F2A-93B5-FCCBC7B608A4}.Debug|x86.Build.0 = Debug|Any CPU
		{45F7FC02-25D4-4F2A-93B5-FCCBC7B608A4}.Release|Any CPU.ActiveCfg = Release|Any CPU
		{45F7FC02-25D4-4F2A-93B5-FCCBC7B608A4}.Release|Any CPU.Build.0 = Release|Any CPU
		{45F7FC02-25D4-4F2A-93B5-FCCBC7B608A4}.Release|x86.ActiveCfg = Release|Any CPU
		{45F7FC02-25D4-4F2A-93B5-FCCBC7B608A4}.Release|x86.Build.0 = Release|Any CPU
		{45F7FC02-25D4-4F2A-93B5-FCCBC7B608A4}.ReleaseDev|Any CPU.ActiveCfg = Release|Any CPU
		{45F7FC02-25D4-4F2A-93B5-FCCBC7B608A4}.ReleaseDev|Any CPU.Build.0 = Release|Any CPU
		{45F7FC02-25D4-4F2A-93B5-FCCBC7B608A4}.ReleaseDev|x86.ActiveCfg = Release|Any CPU
		{45F7FC02-25D4-4F2A-93B5-FCCBC7B608A4}.ReleaseDev|x86.Build.0 = Release|Any CPU
		{1FD916F2-1DF6-42F6-9AD4-83565FBF8E5C}.Debug|Any CPU.ActiveCfg = Debug|x86
		{1FD916F2-1DF6-42F6-9AD4-83565FBF8E5C}.Debug|x86.ActiveCfg = Debug|x86
		{1FD916F2-1DF6-42F6-9AD4-83565FBF8E5C}.Debug|x86.Build.0 = Debug|x86
		{1FD916F2-1DF6-42F6-9AD4-83565FBF8E5C}.Release|Any CPU.ActiveCfg = Release|x86
		{1FD916F2-1DF6-42F6-9AD4-83565FBF8E5C}.Release|x86.ActiveCfg = Release|x86
		{1FD916F2-1DF6-42F6-9AD4-83565FBF8E5C}.Release|x86.Build.0 = Release|x86
		{1FD916F2-1DF6-42F6-9AD4-83565FBF8E5C}.ReleaseDev|Any CPU.ActiveCfg = Release|x86
		{1FD916F2-1DF6-42F6-9AD4-83565FBF8E5C}.ReleaseDev|Any CPU.Build.0 = Release|x86
		{1FD916F2-1DF6-42F6-9AD4-83565FBF8E5C}.ReleaseDev|x86.ActiveCfg = Release|x86
		{1FD916F2-1DF6-42F6-9AD4-83565FBF8E5C}.ReleaseDev|x86.Build.0 = Release|x86
	EndGlobalSection
	GlobalSection(SolutionProperties) = preSolution
		HideSolutionNode = FALSE
	EndGlobalSection
	GlobalSection(NestedProjects) = preSolution
		{13DF9DD2-D891-413B-A8AE-CEE3FA1B06EB} = {2387CFF9-603F-4C8E-A14D-64FF9603CE70}
		{8BC1DD73-2520-4361-9845-282E87442339} = {5F78CFF4-E566-4E1F-BEA3-951C06C2093D}
		{6DEE078F-92BD-4F45-A876-BC4446217D83} = {5F78CFF4-E566-4E1F-BEA3-951C06C2093D}
		{EB646426-47C4-464A-ABB0-415CA73B432F} = {49A0912D-B751-48F2-8477-AF7FE1CF9EB6}
		{FFD85253-874C-41CB-9242-9267BFA3647B} = {49A0912D-B751-48F2-8477-AF7FE1CF9EB6}
		{01707963-655B-4BDE-B32F-848DE2391383} = {49A0912D-B751-48F2-8477-AF7FE1CF9EB6}
		{ACC4AFB3-4417-4736-BE49-37AEEF3EF458} = {1C9284FC-2E59-4F5C-8151-407B200B09BB}
		{69EA245A-0DBB-4697-9E0B-C89D8ECBFEFA} = {2387CFF9-603F-4C8E-A14D-64FF9603CE70}
		{28B94E69-56EC-49B1-887E-AB96B77D30BE} = {2387CFF9-603F-4C8E-A14D-64FF9603CE70}
		{06FED956-F08F-497F-8CBD-87AFAA312AD7} = {5F78CFF4-E566-4E1F-BEA3-951C06C2093D}
		{DEEC1BEE-E8AA-47F0-97C6-2FA5F4D9E7D3} = {2387CFF9-603F-4C8E-A14D-64FF9603CE70}
		{8C7395CF-1C86-4C66-BF55-B254AB1EA6F3} = {1C9284FC-2E59-4F5C-8151-407B200B09BB}
		{090CD12D-79FD-421D-B26F-05CB1A496458} = {1C9284FC-2E59-4F5C-8151-407B200B09BB}
		{1C9284FC-2E59-4F5C-8151-407B200B09BB} = {2387CFF9-603F-4C8E-A14D-64FF9603CE70}
		{AD5530A5-166F-4E22-B645-6536FA5015C2} = {5F78CFF4-E566-4E1F-BEA3-951C06C2093D}
		{9A7AD745-4569-4853-B277-D50B692C93B0} = {2387CFF9-603F-4C8E-A14D-64FF9603CE70}
		{2D753566-8ECA-4A34-8DC9-DE0C2A55ED88} = {AD5530A5-166F-4E22-B645-6536FA5015C2}
		{81089D91-50BF-42C0-BF28-C4B8EF24C2B9} = {AD5530A5-166F-4E22-B645-6536FA5015C2}
		{F76C6CBD-29B0-4564-BDCB-C969F8FEC136} = {9A7AD745-4569-4853-B277-D50B692C93B0}
		{071BA554-9558-4E62-AFC3-14BC413EC483} = {9A7AD745-4569-4853-B277-D50B692C93B0}
		{34EBDA29-43C7-402F-BC63-A793EEF02819} = {9A7AD745-4569-4853-B277-D50B692C93B0}
		{C5A3F18D-1426-4941-9D81-D21062A2B8F2} = {34EBDA29-43C7-402F-BC63-A793EEF02819}
		{DD9659BE-7C0F-4298-82B2-5E957F95977A} = {34EBDA29-43C7-402F-BC63-A793EEF02819}
		{FB35D015-EEF7-48FF-BA5E-D246B612E368} = {34EBDA29-43C7-402F-BC63-A793EEF02819}
		{14FA551E-886A-4D1B-B716-567EB4954C8E} = {34EBDA29-43C7-402F-BC63-A793EEF02819}
		{C5A3F18F-1426-4941-9D81-D21062A2B8F2} = {34EBDA29-43C7-402F-BC63-A793EEF02819}
		{21CB9A8A-F25B-4DEB-92CB-ACB6920EB8BC} = {34EBDA29-43C7-402F-BC63-A793EEF02819}
		{4B0BC3B7-C7FC-4333-9E28-5790D9153F07} = {071BA554-9558-4E62-AFC3-14BC413EC483}
		{0927E682-4A56-45B6-8125-94FA066B2F57} = {071BA554-9558-4E62-AFC3-14BC413EC483}
		{0927E682-4A56-46B6-8125-94FA066B2F57} = {071BA554-9558-4E62-AFC3-14BC413EC483}
		{8034D6E3-15BB-49F5-ADBE-01DD2EC3D214} = {071BA554-9558-4E62-AFC3-14BC413EC483}
		{C4A0DB5B-0988-4E04-B9B8-BCF3B0842000} = {071BA554-9558-4E62-AFC3-14BC413EC483}
		{2759BC71-7F47-44DA-8579-AE2D8C8C684D} = {071BA554-9558-4E62-AFC3-14BC413EC483}
		{1F08CB36-09F1-4134-A921-E8162F820383} = {49A0912D-B751-48F2-8477-AF7FE1CF9EB6}
		{45F7FC02-25D4-4F2A-93B5-FCCBC7B608A4} = {49A0912D-B751-48F2-8477-AF7FE1CF9EB6}
		{1FD916F2-1DF6-42F6-9AD4-83565FBF8E5C} = {AC00CC48-E7BD-4A14-AF7E-E7A122B69046}
		{AC00CC48-E7BD-4A14-AF7E-E7A122B69046} = {49A0912D-B751-48F2-8477-AF7FE1CF9EB6}
	EndGlobalSection
	GlobalSection(ExtensibilityGlobals) = postSolution
		SolutionGuid = {4AE5AB23-7640-4456-8051-8AC946EFBA9B}
	EndGlobalSection
EndGlobal
