
Microsoft Visual Studio Solution File, Format Version 12.00
# Visual Studio 15
VisualStudioVersion = 15.0.27130.2036
MinimumVisualStudioVersion = 10.0.40219.1
Project("{FAE04EC0-301F-11D3-BF4B-00C04F79EFBC}") = "Telimena.Tests", "Telimena.Tests\Telimena.Tests.csproj", "{13DF9DD2-D891-413B-A8AE-CEE3FA1B06EB}"
EndProject
Project("{FAE04EC0-301F-11D3-BF4B-00C04F79EFBC}") = "Telimena.Client", "Telimena.Client\Telimena.Client.csproj", "{8BC1DD73-2520-4361-9845-282E87442339}"
EndProject
Project("{FAE04EC0-301F-11D3-BF4B-00C04F79EFBC}") = "Telimena.Updater", "Telimena.Updater\Telimena.Updater.csproj", "{6DEE078F-92BD-4F45-A876-BC4446217D83}"
EndProject
Project("{FAE04EC0-301F-11D3-BF4B-00C04F79EFBC}") = "Telimena.WebApp", "Telimena.WebApp\Telimena.WebApp.csproj", "{EB646426-47C4-464A-ABB0-415CA73B432F}"
EndProject
Project("{FAE04EC0-301F-11D3-BF4B-00C04F79EFBC}") = "Telimena.WebApp.Core", "Telimena.WebApp.Core\Telimena.WebApp.Core.csproj", "{FFD85253-874C-41CB-9242-9267BFA3647B}"
EndProject
Project("{FAE04EC0-301F-11D3-BF4B-00C04F79EFBC}") = "Telimena.WebApp.Infrastructure", "Telimena.WebApp.Infrastructure\Telimena.WebApp.Infrastructure.csproj", "{01707963-655B-4BDE-B32F-848DE2391383}"
EndProject
Project("{2150E333-8FDC-42A3-9474-1A3956D46DE8}") = "Web", "Web", "{49A0912D-B751-48F2-8477-AF7FE1CF9EB6}"
EndProject
Project("{2150E333-8FDC-42A3-9474-1A3956D46DE8}") = "Desktop", "Desktop", "{5F78CFF4-E566-4E1F-BEA3-951C06C2093D}"
EndProject
Project("{FAE04EC0-301F-11D3-BF4B-00C04F79EFBC}") = "TelimenaTestSandboxApp", "TelimenaTestSandboxApp\TelimenaTestSandboxApp.csproj", "{ACC4AFB3-4417-4736-BE49-37AEEF3EF458}"
EndProject
Project("{2150E333-8FDC-42A3-9474-1A3956D46DE8}") = "Tests", "Tests", "{2387CFF9-603F-4C8E-A14D-64FF9603CE70}"
EndProject
Project("{FAE04EC0-301F-11D3-BF4B-00C04F79EFBC}") = "Telimena.Client.Tests", "Telimena.Client.Tests\Telimena.Client.Tests.csproj", "{69EA245A-0DBB-4697-9E0B-C89D8ECBFEFA}"
EndProject
Project("{FAE04EC0-301F-11D3-BF4B-00C04F79EFBC}") = "Telimena.Updater.Tests", "Telimena.Updater.Tests\Telimena.Updater.Tests.csproj", "{28B94E69-56EC-49B1-887E-AB96B77D30BE}"
EndProject
Project("{2150E333-8FDC-42A3-9474-1A3956D46DE8}") = "Solution Items", "Solution Items", "{1D3F925B-F796-46A2-85D9-FE914E1DD01F}"
	ProjectSection(SolutionItems) = preProject
		TelimenaKey.snk = TelimenaKey.snk
	EndProjectSection
EndProject
Global
	GlobalSection(SolutionConfigurationPlatforms) = preSolution
		Debug|Any CPU = Debug|Any CPU
		Release|Any CPU = Release|Any CPU
	EndGlobalSection
	GlobalSection(ProjectConfigurationPlatforms) = postSolution
		{13DF9DD2-D891-413B-A8AE-CEE3FA1B06EB}.Debug|Any CPU.ActiveCfg = Debug|Any CPU
		{13DF9DD2-D891-413B-A8AE-CEE3FA1B06EB}.Debug|Any CPU.Build.0 = Debug|Any CPU
		{13DF9DD2-D891-413B-A8AE-CEE3FA1B06EB}.Release|Any CPU.ActiveCfg = Release|Any CPU
		{13DF9DD2-D891-413B-A8AE-CEE3FA1B06EB}.Release|Any CPU.Build.0 = Release|Any CPU
		{8BC1DD73-2520-4361-9845-282E87442339}.Debug|Any CPU.ActiveCfg = Debug|Any CPU
		{8BC1DD73-2520-4361-9845-282E87442339}.Debug|Any CPU.Build.0 = Debug|Any CPU
		{8BC1DD73-2520-4361-9845-282E87442339}.Release|Any CPU.ActiveCfg = Release|Any CPU
		{8BC1DD73-2520-4361-9845-282E87442339}.Release|Any CPU.Build.0 = Release|Any CPU
		{6DEE078F-92BD-4F45-A876-BC4446217D83}.Debug|Any CPU.ActiveCfg = Debug|Any CPU
		{6DEE078F-92BD-4F45-A876-BC4446217D83}.Debug|Any CPU.Build.0 = Debug|Any CPU
		{6DEE078F-92BD-4F45-A876-BC4446217D83}.Release|Any CPU.ActiveCfg = Release|Any CPU
		{6DEE078F-92BD-4F45-A876-BC4446217D83}.Release|Any CPU.Build.0 = Release|Any CPU
		{EB646426-47C4-464A-ABB0-415CA73B432F}.Debug|Any CPU.ActiveCfg = Debug|Any CPU
		{EB646426-47C4-464A-ABB0-415CA73B432F}.Debug|Any CPU.Build.0 = Debug|Any CPU
		{EB646426-47C4-464A-ABB0-415CA73B432F}.Release|Any CPU.ActiveCfg = Release|Any CPU
		{EB646426-47C4-464A-ABB0-415CA73B432F}.Release|Any CPU.Build.0 = Release|Any CPU
		{FFD85253-874C-41CB-9242-9267BFA3647B}.Debug|Any CPU.ActiveCfg = Debug|Any CPU
		{FFD85253-874C-41CB-9242-9267BFA3647B}.Debug|Any CPU.Build.0 = Debug|Any CPU
		{FFD85253-874C-41CB-9242-9267BFA3647B}.Release|Any CPU.ActiveCfg = Release|Any CPU
		{FFD85253-874C-41CB-9242-9267BFA3647B}.Release|Any CPU.Build.0 = Release|Any CPU
		{01707963-655B-4BDE-B32F-848DE2391383}.Debug|Any CPU.ActiveCfg = Debug|Any CPU
		{01707963-655B-4BDE-B32F-848DE2391383}.Debug|Any CPU.Build.0 = Debug|Any CPU
		{01707963-655B-4BDE-B32F-848DE2391383}.Release|Any CPU.ActiveCfg = Release|Any CPU
		{01707963-655B-4BDE-B32F-848DE2391383}.Release|Any CPU.Build.0 = Release|Any CPU
		{ACC4AFB3-4417-4736-BE49-37AEEF3EF458}.Debug|Any CPU.ActiveCfg = Debug|Any CPU
		{ACC4AFB3-4417-4736-BE49-37AEEF3EF458}.Debug|Any CPU.Build.0 = Debug|Any CPU
		{ACC4AFB3-4417-4736-BE49-37AEEF3EF458}.Release|Any CPU.ActiveCfg = Release|Any CPU
		{ACC4AFB3-4417-4736-BE49-37AEEF3EF458}.Release|Any CPU.Build.0 = Release|Any CPU
		{69EA245A-0DBB-4697-9E0B-C89D8ECBFEFA}.Debug|Any CPU.ActiveCfg = Debug|Any CPU
		{69EA245A-0DBB-4697-9E0B-C89D8ECBFEFA}.Debug|Any CPU.Build.0 = Debug|Any CPU
		{69EA245A-0DBB-4697-9E0B-C89D8ECBFEFA}.Release|Any CPU.ActiveCfg = Release|Any CPU
		{69EA245A-0DBB-4697-9E0B-C89D8ECBFEFA}.Release|Any CPU.Build.0 = Release|Any CPU
		{28B94E69-56EC-49B1-887E-AB96B77D30BE}.Debug|Any CPU.ActiveCfg = Debug|Any CPU
		{28B94E69-56EC-49B1-887E-AB96B77D30BE}.Debug|Any CPU.Build.0 = Debug|Any CPU
		{28B94E69-56EC-49B1-887E-AB96B77D30BE}.Release|Any CPU.ActiveCfg = Release|Any CPU
		{28B94E69-56EC-49B1-887E-AB96B77D30BE}.Release|Any CPU.Build.0 = Release|Any CPU
	EndGlobalSection
	GlobalSection(SolutionProperties) = preSolution
		HideSolutionNode = FALSE
	EndGlobalSection
	GlobalSection(NestedProjects) = preSolution
		{13DF9DD2-D891-413B-A8AE-CEE3FA1B06EB} = {2387CFF9-603F-4C8E-A14D-64FF9603CE70}
		{8BC1DD73-2520-4361-9845-282E87442339} = {5F78CFF4-E566-4E1F-BEA3-951C06C2093D}
		{6DEE078F-92BD-4F45-A876-BC4446217D83} = {5F78CFF4-E566-4E1F-BEA3-951C06C2093D}
		{EB646426-47C4-464A-ABB0-415CA73B432F} = {49A0912D-B751-48F2-8477-AF7FE1CF9EB6}
		{FFD85253-874C-41CB-9242-9267BFA3647B} = {49A0912D-B751-48F2-8477-AF7FE1CF9EB6}
		{01707963-655B-4BDE-B32F-848DE2391383} = {49A0912D-B751-48F2-8477-AF7FE1CF9EB6}
		{ACC4AFB3-4417-4736-BE49-37AEEF3EF458} = {5F78CFF4-E566-4E1F-BEA3-951C06C2093D}
		{69EA245A-0DBB-4697-9E0B-C89D8ECBFEFA} = {2387CFF9-603F-4C8E-A14D-64FF9603CE70}
		{28B94E69-56EC-49B1-887E-AB96B77D30BE} = {2387CFF9-603F-4C8E-A14D-64FF9603CE70}
	EndGlobalSection
	GlobalSection(ExtensibilityGlobals) = postSolution
		SolutionGuid = {4AE5AB23-7640-4456-8051-8AC946EFBA9B}
	EndGlobalSection
EndGlobal
